github.com/Sirupsen/logrus v0.11.5 h1:aIMrrsnipdTlAieMe7FC/iiuJ0+ELiXCT4YiVQiK9j8=
github.com/Sirupsen/logrus v0.11.5/go.mod h1:rmk17hk6i8ZSAJkSDa7nOxamrG+SP4P0mm+DAvExv4U=
github.com/imdario/mergo v0.0.0-20180119215619-163f41321a19 h1:geJOJJZwkYI1yqxWrAMcgrwDvy4P1XyNNgIyN9d6UXc=
github.com/imdario/mergo v0.0.0-20180119215619-163f41321a19/go.mod h1:2EnlNZ0deacrJVfApfmtdGgDfMuh/nq6Ok1EcJh5FfA=
github.com/jbenet/go-context v0.0.0-20150711004518-d14ea06fba99 h1:BQSFePA1RWJOlocH6Fxy8MmwDt+yVQYULKfN0RoTN8A=
github.com/jbenet/go-context v0.0.0-20150711004518-d14ea06fba99/go.mod h1:1lJo3i6rXxKeerYnT8Nvf0QmHCRC1n8sfWVwXF2Frvo=
github.com/kevinburke/ssh_config v0.0.0-20180127194858-0ff8514904a8 h1:klRp3/4ivQOL3+RkXTG7Y0inb9Tw6FNsk6xGicemw98=
github.com/kevinburke/ssh_config v0.0.0-20180127194858-0ff8514904a8/go.mod h1:CT57kijsi8u/K/BOFA39wgDQJ9CxiF4nAY/ojJ6r6mM=
github.com/mitchellh/go-homedir v0.0.0-20161203194507-b8bc1bf76747 h1:eQox4Rh4ewJF+mqYPxCkmBAirRnPaHEB26UkNuPyjlk=
github.com/mitchellh/go-homedir v0.0.0-20161203194507-b8bc1bf76747/go.mod h1:SfyaCUpYCn1Vlf4IUYiD9fPX4A5wJrkLzIz1N1q0pr0=
github.com/onsi/ginkgo v1.4.0 h1:n60/4GZK0Sr9O2iuGKq876Aoa0ER2ydgpMOBwzJ8e2c=
github.com/onsi/ginkgo v1.4.0/go.mod h1:lLunBs/Ym6LB5Z9jYTR76FiuTmxDTDusOGeTQH+WWjE=
github.com/onsi/gomega v1.3.0 h1:yPHEatyQC4jN3vdfvqJXG7O9vfC6LhaAV1NEdYpP+h0=
github.com/onsi/gomega v1.3.0/go.mod h1:C1qb7wdrVGGVU+Z6iS04AVkA3Q65CEZX59MT0QO5uiA=
github.com/pelletier/go-buffruneio v0.2.0 h1:U4t4R6YkofJ5xHm3dJzuRpPZ0mr5MMCoAWooScCR7aA=
github.com/pelletier/go-buffruneio v0.2.0/go.mod h1:JkE26KsDizTr40EUHkXVtNPvgGtbSNq5BcowyYOWdKo=
github.com/pkg/errors v0.8.0 h1:WdK/asTD0HN+q6hsWO3/vpuAkAr+tw6aNJNDFFf0+qw=
github.com/pkg/errors v0.8.0/go.mod h1:bwawxfHBFNV+L2hUp1rHADufV3IMtnDRdf1r5NINEl0=
github.com/sergi/go-diff v1.0.0 h1:Kpca3qRNrduNnOQeazBd0ysaKrUJiIuISHxogkT9RPQ=
github.com/sergi/go-diff v1.0.0/go.mod h1:0CfEIISq7TuYL3j771MWULgwwjU+GofnZX9QAmXWZgo=
github.com/src-d/gcfg v1.3.0 h1:2BEDr8r0I0b8h/fOqwtxCEiq2HJu8n2JGZJQFGXWLjg=
github.com/src-d/gcfg v1.3.0/go.mod h1:p/UMsR43ujA89BJY9duynAwIpvqEujIH/jFlfL7jWoI=
github.com/xanzy/ssh-agent v0.1.0 h1:lOhdXLxtmYjaHc76ZtNmJWPg948y/RnT+3N3cvKWFzY=
github.com/xanzy/ssh-agent v0.1.0/go.mod h1:0NyE30eGUDliuLEHJgYte/zncp2zdTStcOnWhgSqHD8=
golang.org/x/crypto v0.0.0-20180222182404-49796115aa4b h1:/GxqO8gbyb+sNnviFY2IIMrtm8vGg6NEJDft68wJY/g=
golang.org/x/crypto v0.0.0-20180222182404-49796115aa4b/go.mod h1:6SG95UA2DQfeDnfUPMdvaQW0Q7yPrPDi9nlGo2tz2b4=
golang.org/x/net v0.0.0-20180218175443-cbe0f9307d01 h1:po1f06KS05FvIQQA2pMuOWZAUXiy1KYdIf0ElUU2Hhc=
golang.org/x/net v0.0.0-20180218175443-cbe0f9307d01/go.mod h1:mL1N/T3taQHkDXs73rZJwtUhF3w3ftmwwsq0BUmARs4=
golang.org/x/sys v0.0.0-20180224232135-f6cff0780e54/go.mod h1:STP8DvDyc/dI5b8T5hshtkjS+E42TnysNCUPdjciGhY=
golang.org/x/text v0.3.0 h1:g61tztE5qeGQ89tm6NTjjM9VPIm088od1l6aSorWRWg=
golang.org/x/text v0.3.0/go.mod h1:NqM8EUOU14njkJ3fqMW+pc6Ldnwhi/IjpwHt7yyuwOQ=
gopkg.in/check.v1 v0.0.0-20161208181325-20d25e280405/go.mod h1:Co6ibVJAznAaIkqp8huTwlJQCZ016jof/cbN4VW5Yz0=
gopkg.in/src-d/go-billy.v4 v4.1.0 h1:1kSGpGfLygUB824Wk+fWf2fci5k9gNAQS/J8zZyOO0I=
gopkg.in/src-d/go-billy.v4 v4.1.0/go.mod h1:ZHSF0JP+7oD97194otDUCD7Ofbk63+xFcfWP5bT6h+Q=
gopkg.in/src-d/go-git.v4 v4.1.1 h1:MwxIDPe1qeXJo24Cy5JH7mknsjieowKo7Rt/G3IRS+o=
gopkg.in/src-d/go-git.v4 v4.1.1/go.mod h1:CzbUWqMn4pvmvndg3gnh5iZFmSsbhyhUWdI0IQ60AQo=
gopkg.in/warnings.v0 v0.1.2 h1:wFXVbFY8DY5/xOe1ECiWdKCzZlxgshcYVNkBHstARME=
gopkg.in/warnings.v0 v0.1.2/go.mod h1:jksf8JmL6Qr/oQM2OXTHunEvvTAsrWBLb6OOjuVWRNI=
gopkg.in/yaml.v2 v2.1.1 h1:fxK3tv8mQPVEgxu/S2LJ040LyqiajHt+syP0CdDS/Sc=
gopkg.in/yaml.v2 v2.1.1/go.mod h1:hI93XBmqTisBFMUTm0b8Fm+jr3Dg1NNxqwp+5A1VGuI=
